// !$*UTF8*$!
{
	archiveVersion = 1;
	classes = {
	};
	objectVersion = 46;
	objects = {

/* Begin PBXBuildFile section */
		5A8C7C38E36BC837A62C6143 /* libPods.a in Frameworks */ = {isa = PBXBuildFile; fileRef = BB5BBBD24D65245CDC09B882 /* libPods.a */; };
		B30F4C151A463D7200E744A2 /* NotificationCenter.framework in Frameworks */ = {isa = PBXBuildFile; fileRef = B30F4C141A463D7200E744A2 /* NotificationCenter.framework */; };
		B30F4C1A1A463D7200E744A2 /* TodayViewController.swift in Sources */ = {isa = PBXBuildFile; fileRef = B30F4C191A463D7200E744A2 /* TodayViewController.swift */; };
		B30F4C1C1A463D7200E744A2 /* MainInterface.storyboard in Resources */ = {isa = PBXBuildFile; fileRef = B30F4C1B1A463D7200E744A2 /* MainInterface.storyboard */; };
		B30F4C1F1A463D7200E744A2 /* Weatherloo Widget.appex in Embed App Extensions */ = {isa = PBXBuildFile; fileRef = B30F4C131A463D7200E744A2 /* Weatherloo Widget.appex */; settings = {ATTRIBUTES = (RemoveHeadersOnCopy, ); }; };
		B36EC1EA1A422A5100391530 /* WeatherTableViewController.swift in Sources */ = {isa = PBXBuildFile; fileRef = B36EC1E91A422A5100391530 /* WeatherTableViewController.swift */; };
		B36EC1F21A4336C100391530 /* StatusBarButtonItem.swift in Sources */ = {isa = PBXBuildFile; fileRef = B36EC1F11A4336C100391530 /* StatusBarButtonItem.swift */; };
		B38BAAD11A47437B0047636E /* WeatherlooData.swift in Sources */ = {isa = PBXBuildFile; fileRef = B38BAAD01A47437B0047636E /* WeatherlooData.swift */; };
		B38BAAD21A4748220047636E /* WeatherlooData.swift in Sources */ = {isa = PBXBuildFile; fileRef = B38BAAD01A47437B0047636E /* WeatherlooData.swift */; };
		B38BAAD31A4748340047636E /* Reading.swift in Sources */ = {isa = PBXBuildFile; fileRef = B3EC9CA11A40EC1500125BA8 /* Reading.swift */; };
		B3EC9C7B1A40AE2F00125BA8 /* AppDelegate.swift in Sources */ = {isa = PBXBuildFile; fileRef = B3EC9C7A1A40AE2F00125BA8 /* AppDelegate.swift */; };
		B3EC9C801A40AE2F00125BA8 /* Main.storyboard in Resources */ = {isa = PBXBuildFile; fileRef = B3EC9C7E1A40AE2F00125BA8 /* Main.storyboard */; };
		B3EC9C821A40AE2F00125BA8 /* Images.xcassets in Resources */ = {isa = PBXBuildFile; fileRef = B3EC9C811A40AE2F00125BA8 /* Images.xcassets */; };
		B3EC9C851A40AE2F00125BA8 /* LaunchScreen.xib in Resources */ = {isa = PBXBuildFile; fileRef = B3EC9C831A40AE2F00125BA8 /* LaunchScreen.xib */; };
		B3EC9C911A40AE2F00125BA8 /* WeatherlooTests.swift in Sources */ = {isa = PBXBuildFile; fileRef = B3EC9C901A40AE2F00125BA8 /* WeatherlooTests.swift */; };
		B3EC9C9E1A40CF0D00125BA8 /* ReadingTests.swift in Sources */ = {isa = PBXBuildFile; fileRef = B3EC9C9D1A40CF0D00125BA8 /* ReadingTests.swift */; };
		B3EC9CA01A40D33800125BA8 /* Reading-Fixture.json in Resources */ = {isa = PBXBuildFile; fileRef = B3EC9C9F1A40D33800125BA8 /* Reading-Fixture.json */; };
		B3EC9CA21A40EC1500125BA8 /* Reading.swift in Sources */ = {isa = PBXBuildFile; fileRef = B3EC9CA11A40EC1500125BA8 /* Reading.swift */; };
		B3EC9CAA1A40F74400125BA8 /* Reading.swift in Sources */ = {isa = PBXBuildFile; fileRef = B3EC9CA11A40EC1500125BA8 /* Reading.swift */; };
		B817D2257820BE9F6D69FEF8 /* libPods.a in Frameworks */ = {isa = PBXBuildFile; fileRef = BB5BBBD24D65245CDC09B882 /* libPods.a */; };
		F0A8C896F200BE20A8F339C0 /* libPods.a in Frameworks */ = {isa = PBXBuildFile; fileRef = BB5BBBD24D65245CDC09B882 /* libPods.a */; };
/* End PBXBuildFile section */

/* Begin PBXContainerItemProxy section */
		B30F4C1D1A463D7200E744A2 /* PBXContainerItemProxy */ = {
			isa = PBXContainerItemProxy;
			containerPortal = B3EC9C6D1A40AE2F00125BA8 /* Project object */;
			proxyType = 1;
			remoteGlobalIDString = B30F4C121A463D7200E744A2;
			remoteInfo = "Weatherloo Widget";
		};
		B3EC9C8B1A40AE2F00125BA8 /* PBXContainerItemProxy */ = {
			isa = PBXContainerItemProxy;
			containerPortal = B3EC9C6D1A40AE2F00125BA8 /* Project object */;
			proxyType = 1;
			remoteGlobalIDString = B3EC9C741A40AE2F00125BA8;
			remoteInfo = Weatherloo;
		};
/* End PBXContainerItemProxy section */

/* Begin PBXCopyFilesBuildPhase section */
		B30F4C231A463D7200E744A2 /* Embed App Extensions */ = {
			isa = PBXCopyFilesBuildPhase;
			buildActionMask = 2147483647;
			dstPath = "";
			dstSubfolderSpec = 13;
			files = (
				B30F4C1F1A463D7200E744A2 /* Weatherloo Widget.appex in Embed App Extensions */,
			);
			name = "Embed App Extensions";
			runOnlyForDeploymentPostprocessing = 0;
		};
/* End PBXCopyFilesBuildPhase section */

/* Begin PBXFileReference section */
		1DCB5A154AF9D8E8171ADA20 /* Pods.debug.xcconfig */ = {isa = PBXFileReference; includeInIndex = 1; lastKnownFileType = text.xcconfig; name = Pods.debug.xcconfig; path = "Pods/Target Support Files/Pods/Pods.debug.xcconfig"; sourceTree = "<group>"; };
		1E6E27387BD7A01B77E17A5D /* Pods-WeatherlooTests.release.xcconfig */ = {isa = PBXFileReference; includeInIndex = 1; lastKnownFileType = text.xcconfig; name = "Pods-WeatherlooTests.release.xcconfig"; path = "Pods/Target Support Files/Pods-WeatherlooTests/Pods-WeatherlooTests.release.xcconfig"; sourceTree = "<group>"; };
		3709E17535CE753D21881FF2 /* Pods-WeatherlooTests.debug.xcconfig */ = {isa = PBXFileReference; includeInIndex = 1; lastKnownFileType = text.xcconfig; name = "Pods-WeatherlooTests.debug.xcconfig"; path = "Pods/Target Support Files/Pods-WeatherlooTests/Pods-WeatherlooTests.debug.xcconfig"; sourceTree = "<group>"; };
		42DB8E5FF77536011F679932 /* libPods-WeatherlooTests.a */ = {isa = PBXFileReference; explicitFileType = archive.ar; includeInIndex = 0; path = "libPods-WeatherlooTests.a"; sourceTree = BUILT_PRODUCTS_DIR; };
		B30F4C131A463D7200E744A2 /* Weatherloo Widget.appex */ = {isa = PBXFileReference; explicitFileType = "wrapper.app-extension"; includeInIndex = 0; path = "Weatherloo Widget.appex"; sourceTree = BUILT_PRODUCTS_DIR; };
		B30F4C141A463D7200E744A2 /* NotificationCenter.framework */ = {isa = PBXFileReference; lastKnownFileType = wrapper.framework; name = NotificationCenter.framework; path = System/Library/Frameworks/NotificationCenter.framework; sourceTree = SDKROOT; };
		B30F4C181A463D7200E744A2 /* Info.plist */ = {isa = PBXFileReference; lastKnownFileType = text.plist.xml; path = Info.plist; sourceTree = "<group>"; };
		B30F4C191A463D7200E744A2 /* TodayViewController.swift */ = {isa = PBXFileReference; lastKnownFileType = sourcecode.swift; path = TodayViewController.swift; sourceTree = "<group>"; };
		B30F4C1B1A463D7200E744A2 /* MainInterface.storyboard */ = {isa = PBXFileReference; lastKnownFileType = file.storyboard; path = MainInterface.storyboard; sourceTree = "<group>"; };
		B352D0C31A44EB030070CFEC /* Weatherloo-Bridging-Header.h */ = {isa = PBXFileReference; lastKnownFileType = sourcecode.c.h; path = "Weatherloo-Bridging-Header.h"; sourceTree = "<group>"; };
		B36EC1E91A422A5100391530 /* WeatherTableViewController.swift */ = {isa = PBXFileReference; fileEncoding = 4; lastKnownFileType = sourcecode.swift; path = WeatherTableViewController.swift; sourceTree = "<group>"; };
		B36EC1F11A4336C100391530 /* StatusBarButtonItem.swift */ = {isa = PBXFileReference; fileEncoding = 4; lastKnownFileType = sourcecode.swift; path = StatusBarButtonItem.swift; sourceTree = "<group>"; };
		B38BAAD01A47437B0047636E /* WeatherlooData.swift */ = {isa = PBXFileReference; fileEncoding = 4; lastKnownFileType = sourcecode.swift; path = Weatherloo/WeatherlooData.swift; sourceTree = "<group>"; };
		B3EC9C751A40AE2F00125BA8 /* Weatherloo.app */ = {isa = PBXFileReference; explicitFileType = wrapper.application; includeInIndex = 0; path = Weatherloo.app; sourceTree = BUILT_PRODUCTS_DIR; };
		B3EC9C791A40AE2F00125BA8 /* Info.plist */ = {isa = PBXFileReference; lastKnownFileType = text.plist.xml; path = Info.plist; sourceTree = "<group>"; };
		B3EC9C7A1A40AE2F00125BA8 /* AppDelegate.swift */ = {isa = PBXFileReference; lastKnownFileType = sourcecode.swift; path = AppDelegate.swift; sourceTree = "<group>"; };
		B3EC9C7F1A40AE2F00125BA8 /* Base */ = {isa = PBXFileReference; lastKnownFileType = file.storyboard; name = Base; path = Base.lproj/Main.storyboard; sourceTree = "<group>"; };
		B3EC9C811A40AE2F00125BA8 /* Images.xcassets */ = {isa = PBXFileReference; lastKnownFileType = folder.assetcatalog; path = Images.xcassets; sourceTree = "<group>"; };
		B3EC9C841A40AE2F00125BA8 /* Base */ = {isa = PBXFileReference; lastKnownFileType = file.xib; name = Base; path = Base.lproj/LaunchScreen.xib; sourceTree = "<group>"; };
		B3EC9C8A1A40AE2F00125BA8 /* WeatherlooTests.xctest */ = {isa = PBXFileReference; explicitFileType = wrapper.cfbundle; includeInIndex = 0; path = WeatherlooTests.xctest; sourceTree = BUILT_PRODUCTS_DIR; };
		B3EC9C8F1A40AE2F00125BA8 /* Info.plist */ = {isa = PBXFileReference; lastKnownFileType = text.plist.xml; path = Info.plist; sourceTree = "<group>"; };
		B3EC9C901A40AE2F00125BA8 /* WeatherlooTests.swift */ = {isa = PBXFileReference; lastKnownFileType = sourcecode.swift; path = WeatherlooTests.swift; sourceTree = "<group>"; };
		B3EC9C9D1A40CF0D00125BA8 /* ReadingTests.swift */ = {isa = PBXFileReference; fileEncoding = 4; lastKnownFileType = sourcecode.swift; path = ReadingTests.swift; sourceTree = "<group>"; };
		B3EC9C9F1A40D33800125BA8 /* Reading-Fixture.json */ = {isa = PBXFileReference; fileEncoding = 4; lastKnownFileType = text.json; path = "Reading-Fixture.json"; sourceTree = "<group>"; };
		B3EC9CA11A40EC1500125BA8 /* Reading.swift */ = {isa = PBXFileReference; fileEncoding = 4; lastKnownFileType = sourcecode.swift; name = Reading.swift; path = Weatherloo/Reading.swift; sourceTree = "<group>"; };
		BB5BBBD24D65245CDC09B882 /* libPods.a */ = {isa = PBXFileReference; explicitFileType = archive.ar; includeInIndex = 0; path = libPods.a; sourceTree = BUILT_PRODUCTS_DIR; };
		C7A03D93A186F71D738B58CA /* Pods-Weatherloo.debug.xcconfig */ = {isa = PBXFileReference; includeInIndex = 1; lastKnownFileType = text.xcconfig; name = "Pods-Weatherloo.debug.xcconfig"; path = "Pods/Target Support Files/Pods-Weatherloo/Pods-Weatherloo.debug.xcconfig"; sourceTree = "<group>"; };
		D1315F889717C851AD8CF7C4 /* libPods-Weatherloo.a */ = {isa = PBXFileReference; explicitFileType = archive.ar; includeInIndex = 0; path = "libPods-Weatherloo.a"; sourceTree = BUILT_PRODUCTS_DIR; };
		DDA2488013D20E5010A8B91F /* Pods.release.xcconfig */ = {isa = PBXFileReference; includeInIndex = 1; lastKnownFileType = text.xcconfig; name = Pods.release.xcconfig; path = "Pods/Target Support Files/Pods/Pods.release.xcconfig"; sourceTree = "<group>"; };
		E393430670CBA2C87CF8AE7D /* Pods-Weatherloo.release.xcconfig */ = {isa = PBXFileReference; includeInIndex = 1; lastKnownFileType = text.xcconfig; name = "Pods-Weatherloo.release.xcconfig"; path = "Pods/Target Support Files/Pods-Weatherloo/Pods-Weatherloo.release.xcconfig"; sourceTree = "<group>"; };
/* End PBXFileReference section */

/* Begin PBXFrameworksBuildPhase section */
		B30F4C101A463D7200E744A2 /* Frameworks */ = {
			isa = PBXFrameworksBuildPhase;
			buildActionMask = 2147483647;
			files = (
				B30F4C151A463D7200E744A2 /* NotificationCenter.framework in Frameworks */,
				B817D2257820BE9F6D69FEF8 /* libPods.a in Frameworks */,
			);
			runOnlyForDeploymentPostprocessing = 0;
		};
		B3EC9C721A40AE2F00125BA8 /* Frameworks */ = {
			isa = PBXFrameworksBuildPhase;
			buildActionMask = 2147483647;
			files = (
				F0A8C896F200BE20A8F339C0 /* libPods.a in Frameworks */,
			);
			runOnlyForDeploymentPostprocessing = 0;
		};
		B3EC9C871A40AE2F00125BA8 /* Frameworks */ = {
			isa = PBXFrameworksBuildPhase;
			buildActionMask = 2147483647;
			files = (
				5A8C7C38E36BC837A62C6143 /* libPods.a in Frameworks */,
			);
			runOnlyForDeploymentPostprocessing = 0;
		};
/* End PBXFrameworksBuildPhase section */

/* Begin PBXGroup section */
		2D80D3B82B4892C8C75561CD /* Frameworks */ = {
			isa = PBXGroup;
			children = (
				BB5BBBD24D65245CDC09B882 /* libPods.a */,
				D1315F889717C851AD8CF7C4 /* libPods-Weatherloo.a */,
				42DB8E5FF77536011F679932 /* libPods-WeatherlooTests.a */,
				B30F4C141A463D7200E744A2 /* NotificationCenter.framework */,
			);
			name = Frameworks;
			sourceTree = "<group>";
		};
		79AFB6E10389E2BED79ECA51 /* Pods */ = {
			isa = PBXGroup;
			children = (
				1DCB5A154AF9D8E8171ADA20 /* Pods.debug.xcconfig */,
				DDA2488013D20E5010A8B91F /* Pods.release.xcconfig */,
				C7A03D93A186F71D738B58CA /* Pods-Weatherloo.debug.xcconfig */,
				3709E17535CE753D21881FF2 /* Pods-WeatherlooTests.debug.xcconfig */,
				E393430670CBA2C87CF8AE7D /* Pods-Weatherloo.release.xcconfig */,
				1E6E27387BD7A01B77E17A5D /* Pods-WeatherlooTests.release.xcconfig */,
			);
			name = Pods;
			sourceTree = "<group>";
		};
		B30F4C161A463D7200E744A2 /* Weatherloo Widget */ = {
			isa = PBXGroup;
			children = (
				B30F4C191A463D7200E744A2 /* TodayViewController.swift */,
				B30F4C1B1A463D7200E744A2 /* MainInterface.storyboard */,
				B30F4C171A463D7200E744A2 /* Supporting Files */,
			);
			path = "Weatherloo Widget";
			sourceTree = "<group>";
		};
		B30F4C171A463D7200E744A2 /* Supporting Files */ = {
			isa = PBXGroup;
			children = (
				B30F4C181A463D7200E744A2 /* Info.plist */,
			);
			name = "Supporting Files";
			sourceTree = "<group>";
		};
		B38BAACF1A4743370047636E /* Weatherloo Data */ = {
			isa = PBXGroup;
			children = (
				B3EC9CA11A40EC1500125BA8 /* Reading.swift */,
				B38BAAD01A47437B0047636E /* WeatherlooData.swift */,
			);
			name = "Weatherloo Data";
			sourceTree = "<group>";
		};
		B3EC9C6C1A40AE2F00125BA8 = {
			isa = PBXGroup;
			children = (
				B38BAACF1A4743370047636E /* Weatherloo Data */,
				B3EC9C771A40AE2F00125BA8 /* Weatherloo */,
				B3EC9C8D1A40AE2F00125BA8 /* WeatherlooTests */,
				B30F4C161A463D7200E744A2 /* Weatherloo Widget */,
				B3EC9C761A40AE2F00125BA8 /* Products */,
				79AFB6E10389E2BED79ECA51 /* Pods */,
				2D80D3B82B4892C8C75561CD /* Frameworks */,
			);
			sourceTree = "<group>";
		};
		B3EC9C761A40AE2F00125BA8 /* Products */ = {
			isa = PBXGroup;
			children = (
				B3EC9C751A40AE2F00125BA8 /* Weatherloo.app */,
				B3EC9C8A1A40AE2F00125BA8 /* WeatherlooTests.xctest */,
				B30F4C131A463D7200E744A2 /* Weatherloo Widget.appex */,
			);
			name = Products;
			sourceTree = "<group>";
		};
		B3EC9C771A40AE2F00125BA8 /* Weatherloo */ = {
			isa = PBXGroup;
			children = (
				B3EC9C7A1A40AE2F00125BA8 /* AppDelegate.swift */,
				B36EC1E91A422A5100391530 /* WeatherTableViewController.swift */,
				B36EC1F11A4336C100391530 /* StatusBarButtonItem.swift */,
				B3EC9C7E1A40AE2F00125BA8 /* Main.storyboard */,
				B3EC9C811A40AE2F00125BA8 /* Images.xcassets */,
				B3EC9C831A40AE2F00125BA8 /* LaunchScreen.xib */,
				B3EC9C781A40AE2F00125BA8 /* Supporting Files */,
			);
			path = Weatherloo;
			sourceTree = "<group>";
		};
		B3EC9C781A40AE2F00125BA8 /* Supporting Files */ = {
			isa = PBXGroup;
			children = (
				B352D0C31A44EB030070CFEC /* Weatherloo-Bridging-Header.h */,
				B3EC9C791A40AE2F00125BA8 /* Info.plist */,
			);
			name = "Supporting Files";
			sourceTree = "<group>";
		};
		B3EC9C8D1A40AE2F00125BA8 /* WeatherlooTests */ = {
			isa = PBXGroup;
			children = (
				B3EC9C901A40AE2F00125BA8 /* WeatherlooTests.swift */,
				B3EC9C9D1A40CF0D00125BA8 /* ReadingTests.swift */,
				B3EC9C8E1A40AE2F00125BA8 /* Supporting Files */,
			);
			path = WeatherlooTests;
			sourceTree = "<group>";
		};
		B3EC9C8E1A40AE2F00125BA8 /* Supporting Files */ = {
			isa = PBXGroup;
			children = (
				B3EC9C9F1A40D33800125BA8 /* Reading-Fixture.json */,
				B3EC9C8F1A40AE2F00125BA8 /* Info.plist */,
			);
			name = "Supporting Files";
			sourceTree = "<group>";
		};
/* End PBXGroup section */

/* Begin PBXNativeTarget section */
		B30F4C121A463D7200E744A2 /* Weatherloo Widget */ = {
			isa = PBXNativeTarget;
			buildConfigurationList = B30F4C221A463D7200E744A2 /* Build configuration list for PBXNativeTarget "Weatherloo Widget" */;
			buildPhases = (
				2C0E8906FE2177A46E27BB3D /* Check Pods Manifest.lock */,
				B30F4C0F1A463D7200E744A2 /* Sources */,
				B30F4C101A463D7200E744A2 /* Frameworks */,
				B30F4C111A463D7200E744A2 /* Resources */,
				D578BA4BB2A5D7BD6216BED7 /* Copy Pods Resources */,
			);
			buildRules = (
			);
			dependencies = (
			);
			name = "Weatherloo Widget";
			productName = "Weatherloo Widget";
			productReference = B30F4C131A463D7200E744A2 /* Weatherloo Widget.appex */;
			productType = "com.apple.product-type.app-extension";
		};
		B3EC9C741A40AE2F00125BA8 /* Weatherloo */ = {
			isa = PBXNativeTarget;
			buildConfigurationList = B3EC9C941A40AE2F00125BA8 /* Build configuration list for PBXNativeTarget "Weatherloo" */;
			buildPhases = (
				33F39E23191806F3C8C2FC70 /* Check Pods Manifest.lock */,
				B3EC9C711A40AE2F00125BA8 /* Sources */,
				B3EC9C721A40AE2F00125BA8 /* Frameworks */,
				B3EC9C731A40AE2F00125BA8 /* Resources */,
				7CC9217C3982901CD7556D50 /* Copy Pods Resources */,
				B30F4C231A463D7200E744A2 /* Embed App Extensions */,
			);
			buildRules = (
			);
			dependencies = (
				B30F4C1E1A463D7200E744A2 /* PBXTargetDependency */,
			);
			name = Weatherloo;
			productName = Weatherloo;
			productReference = B3EC9C751A40AE2F00125BA8 /* Weatherloo.app */;
			productType = "com.apple.product-type.application";
		};
		B3EC9C891A40AE2F00125BA8 /* WeatherlooTests */ = {
			isa = PBXNativeTarget;
			buildConfigurationList = B3EC9C971A40AE2F00125BA8 /* Build configuration list for PBXNativeTarget "WeatherlooTests" */;
			buildPhases = (
				0AAC996E215B4F95D122B935 /* Check Pods Manifest.lock */,
				B3EC9C861A40AE2F00125BA8 /* Sources */,
				B3EC9C871A40AE2F00125BA8 /* Frameworks */,
				B3EC9C881A40AE2F00125BA8 /* Resources */,
				26A2A5D20E9EDDD12D932B19 /* Copy Pods Resources */,
			);
			buildRules = (
			);
			dependencies = (
				B3EC9C8C1A40AE2F00125BA8 /* PBXTargetDependency */,
			);
			name = WeatherlooTests;
			productName = WeatherlooTests;
			productReference = B3EC9C8A1A40AE2F00125BA8 /* WeatherlooTests.xctest */;
			productType = "com.apple.product-type.bundle.unit-test";
		};
/* End PBXNativeTarget section */

/* Begin PBXProject section */
		B3EC9C6D1A40AE2F00125BA8 /* Project object */ = {
			isa = PBXProject;
			attributes = {
				LastUpgradeCheck = 0610;
				ORGANIZATIONNAME = "Connor Cimowsky";
				TargetAttributes = {
					B30F4C121A463D7200E744A2 = {
						CreatedOnToolsVersion = 6.1.1;
					};
					B3EC9C741A40AE2F00125BA8 = {
						CreatedOnToolsVersion = 6.1.1;
					};
					B3EC9C891A40AE2F00125BA8 = {
						CreatedOnToolsVersion = 6.1.1;
						TestTargetID = B3EC9C741A40AE2F00125BA8;
					};
				};
			};
			buildConfigurationList = B3EC9C701A40AE2F00125BA8 /* Build configuration list for PBXProject "Weatherloo" */;
			compatibilityVersion = "Xcode 3.2";
			developmentRegion = English;
			hasScannedForEncodings = 0;
			knownRegions = (
				en,
				Base,
			);
			mainGroup = B3EC9C6C1A40AE2F00125BA8;
			productRefGroup = B3EC9C761A40AE2F00125BA8 /* Products */;
			projectDirPath = "";
			projectRoot = "";
			targets = (
				B3EC9C741A40AE2F00125BA8 /* Weatherloo */,
				B3EC9C891A40AE2F00125BA8 /* WeatherlooTests */,
				B30F4C121A463D7200E744A2 /* Weatherloo Widget */,
			);
		};
/* End PBXProject section */

/* Begin PBXResourcesBuildPhase section */
		B30F4C111A463D7200E744A2 /* Resources */ = {
			isa = PBXResourcesBuildPhase;
			buildActionMask = 2147483647;
			files = (
				B30F4C1C1A463D7200E744A2 /* MainInterface.storyboard in Resources */,
			);
			runOnlyForDeploymentPostprocessing = 0;
		};
		B3EC9C731A40AE2F00125BA8 /* Resources */ = {
			isa = PBXResourcesBuildPhase;
			buildActionMask = 2147483647;
			files = (
				B3EC9C801A40AE2F00125BA8 /* Main.storyboard in Resources */,
				B3EC9C851A40AE2F00125BA8 /* LaunchScreen.xib in Resources */,
				B3EC9C821A40AE2F00125BA8 /* Images.xcassets in Resources */,
			);
			runOnlyForDeploymentPostprocessing = 0;
		};
		B3EC9C881A40AE2F00125BA8 /* Resources */ = {
			isa = PBXResourcesBuildPhase;
			buildActionMask = 2147483647;
			files = (
				B3EC9CA01A40D33800125BA8 /* Reading-Fixture.json in Resources */,
			);
			runOnlyForDeploymentPostprocessing = 0;
		};
/* End PBXResourcesBuildPhase section */

/* Begin PBXShellScriptBuildPhase section */
		0AAC996E215B4F95D122B935 /* Check Pods Manifest.lock */ = {
			isa = PBXShellScriptBuildPhase;
			buildActionMask = 2147483647;
			files = (
			);
			inputPaths = (
			);
			name = "Check Pods Manifest.lock";
			outputPaths = (
			);
			runOnlyForDeploymentPostprocessing = 0;
			shellPath = /bin/sh;
			shellScript = "diff \"${PODS_ROOT}/../Podfile.lock\" \"${PODS_ROOT}/Manifest.lock\" > /dev/null\nif [[ $? != 0 ]] ; then\n    cat << EOM\nerror: The sandbox is not in sync with the Podfile.lock. Run 'pod install' or update your CocoaPods installation.\nEOM\n    exit 1\nfi\n";
			showEnvVarsInLog = 0;
		};
		26A2A5D20E9EDDD12D932B19 /* Copy Pods Resources */ = {
			isa = PBXShellScriptBuildPhase;
			buildActionMask = 2147483647;
			files = (
			);
			inputPaths = (
			);
			name = "Copy Pods Resources";
			outputPaths = (
			);
			runOnlyForDeploymentPostprocessing = 0;
			shellPath = /bin/sh;
			shellScript = "\"${SRCROOT}/Pods/Target Support Files/Pods/Pods-resources.sh\"\n";
			showEnvVarsInLog = 0;
		};
		2C0E8906FE2177A46E27BB3D /* Check Pods Manifest.lock */ = {
			isa = PBXShellScriptBuildPhase;
			buildActionMask = 2147483647;
			files = (
			);
			inputPaths = (
			);
			name = "Check Pods Manifest.lock";
			outputPaths = (
			);
			runOnlyForDeploymentPostprocessing = 0;
			shellPath = /bin/sh;
			shellScript = "diff \"${PODS_ROOT}/../Podfile.lock\" \"${PODS_ROOT}/Manifest.lock\" > /dev/null\nif [[ $? != 0 ]] ; then\n    cat << EOM\nerror: The sandbox is not in sync with the Podfile.lock. Run 'pod install' or update your CocoaPods installation.\nEOM\n    exit 1\nfi\n";
			showEnvVarsInLog = 0;
		};
		33F39E23191806F3C8C2FC70 /* Check Pods Manifest.lock */ = {
			isa = PBXShellScriptBuildPhase;
			buildActionMask = 2147483647;
			files = (
			);
			inputPaths = (
			);
			name = "Check Pods Manifest.lock";
			outputPaths = (
			);
			runOnlyForDeploymentPostprocessing = 0;
			shellPath = /bin/sh;
			shellScript = "diff \"${PODS_ROOT}/../Podfile.lock\" \"${PODS_ROOT}/Manifest.lock\" > /dev/null\nif [[ $? != 0 ]] ; then\n    cat << EOM\nerror: The sandbox is not in sync with the Podfile.lock. Run 'pod install' or update your CocoaPods installation.\nEOM\n    exit 1\nfi\n";
			showEnvVarsInLog = 0;
		};
		7CC9217C3982901CD7556D50 /* Copy Pods Resources */ = {
			isa = PBXShellScriptBuildPhase;
			buildActionMask = 2147483647;
			files = (
			);
			inputPaths = (
			);
			name = "Copy Pods Resources";
			outputPaths = (
			);
			runOnlyForDeploymentPostprocessing = 0;
			shellPath = /bin/sh;
			shellScript = "\"${SRCROOT}/Pods/Target Support Files/Pods/Pods-resources.sh\"\n";
			showEnvVarsInLog = 0;
		};
		D578BA4BB2A5D7BD6216BED7 /* Copy Pods Resources */ = {
			isa = PBXShellScriptBuildPhase;
			buildActionMask = 2147483647;
			files = (
			);
			inputPaths = (
			);
			name = "Copy Pods Resources";
			outputPaths = (
			);
			runOnlyForDeploymentPostprocessing = 0;
			shellPath = /bin/sh;
			shellScript = "\"${SRCROOT}/Pods/Target Support Files/Pods/Pods-resources.sh\"\n";
			showEnvVarsInLog = 0;
		};
/* End PBXShellScriptBuildPhase section */

/* Begin PBXSourcesBuildPhase section */
		B30F4C0F1A463D7200E744A2 /* Sources */ = {
			isa = PBXSourcesBuildPhase;
			buildActionMask = 2147483647;
			files = (
				B30F4C1A1A463D7200E744A2 /* TodayViewController.swift in Sources */,
				B38BAAD21A4748220047636E /* WeatherlooData.swift in Sources */,
				B38BAAD31A4748340047636E /* Reading.swift in Sources */,
			);
			runOnlyForDeploymentPostprocessing = 0;
		};
		B3EC9C711A40AE2F00125BA8 /* Sources */ = {
			isa = PBXSourcesBuildPhase;
			buildActionMask = 2147483647;
			files = (
				B38BAAD11A47437B0047636E /* WeatherlooData.swift in Sources */,
				B36EC1F21A4336C100391530 /* StatusBarButtonItem.swift in Sources */,
				B3EC9C7B1A40AE2F00125BA8 /* AppDelegate.swift in Sources */,
				B36EC1EA1A422A5100391530 /* WeatherTableViewController.swift in Sources */,
				B3EC9CA21A40EC1500125BA8 /* Reading.swift in Sources */,
			);
			runOnlyForDeploymentPostprocessing = 0;
		};
		B3EC9C861A40AE2F00125BA8 /* Sources */ = {
			isa = PBXSourcesBuildPhase;
			buildActionMask = 2147483647;
			files = (
				B3EC9C9E1A40CF0D00125BA8 /* ReadingTests.swift in Sources */,
				B3EC9C911A40AE2F00125BA8 /* WeatherlooTests.swift in Sources */,
				B3EC9CAA1A40F74400125BA8 /* Reading.swift in Sources */,
			);
			runOnlyForDeploymentPostprocessing = 0;
		};
/* End PBXSourcesBuildPhase section */

/* Begin PBXTargetDependency section */
		B30F4C1E1A463D7200E744A2 /* PBXTargetDependency */ = {
			isa = PBXTargetDependency;
			target = B30F4C121A463D7200E744A2 /* Weatherloo Widget */;
			targetProxy = B30F4C1D1A463D7200E744A2 /* PBXContainerItemProxy */;
		};
		B3EC9C8C1A40AE2F00125BA8 /* PBXTargetDependency */ = {
			isa = PBXTargetDependency;
			target = B3EC9C741A40AE2F00125BA8 /* Weatherloo */;
			targetProxy = B3EC9C8B1A40AE2F00125BA8 /* PBXContainerItemProxy */;
		};
/* End PBXTargetDependency section */

/* Begin PBXVariantGroup section */
		B3EC9C7E1A40AE2F00125BA8 /* Main.storyboard */ = {
			isa = PBXVariantGroup;
			children = (
				B3EC9C7F1A40AE2F00125BA8 /* Base */,
			);
			name = Main.storyboard;
			sourceTree = "<group>";
		};
		B3EC9C831A40AE2F00125BA8 /* LaunchScreen.xib */ = {
			isa = PBXVariantGroup;
			children = (
				B3EC9C841A40AE2F00125BA8 /* Base */,
			);
			name = LaunchScreen.xib;
			sourceTree = "<group>";
		};
/* End PBXVariantGroup section */

/* Begin XCBuildConfiguration section */
		B30F4C201A463D7200E744A2 /* Debug */ = {
			isa = XCBuildConfiguration;
			baseConfigurationReference = 1DCB5A154AF9D8E8171ADA20 /* Pods.debug.xcconfig */;
			buildSettings = {
				GCC_PREPROCESSOR_DEFINITIONS = (
					"DEBUG=1",
					"$(inherited)",
				);
				INFOPLIST_FILE = "Weatherloo Widget/Info.plist";
				LD_RUNPATH_SEARCH_PATHS = "$(inherited) @executable_path/Frameworks @executable_path/../../Frameworks";
				PRODUCT_NAME = "$(TARGET_NAME)";
				SKIP_INSTALL = YES;
				SWIFT_OBJC_BRIDGING_HEADER = "Weatherloo/Weatherloo-Bridging-Header.h";
			};
			name = Debug;
		};
		B30F4C211A463D7200E744A2 /* Release */ = {
			isa = XCBuildConfiguration;
			baseConfigurationReference = DDA2488013D20E5010A8B91F /* Pods.release.xcconfig */;
			buildSettings = {
				INFOPLIST_FILE = "Weatherloo Widget/Info.plist";
				LD_RUNPATH_SEARCH_PATHS = "$(inherited) @executable_path/Frameworks @executable_path/../../Frameworks";
				PRODUCT_NAME = "$(TARGET_NAME)";
				SKIP_INSTALL = YES;
				SWIFT_OBJC_BRIDGING_HEADER = "Weatherloo/Weatherloo-Bridging-Header.h";
			};
			name = Release;
		};
		B3EC9C921A40AE2F00125BA8 /* Debug */ = {
			isa = XCBuildConfiguration;
			buildSettings = {
				ALWAYS_SEARCH_USER_PATHS = NO;
				CLANG_CXX_LANGUAGE_STANDARD = "gnu++0x";
				CLANG_CXX_LIBRARY = "libc++";
				CLANG_ENABLE_MODULES = YES;
				CLANG_ENABLE_OBJC_ARC = YES;
				CLANG_WARN_BOOL_CONVERSION = YES;
				CLANG_WARN_CONSTANT_CONVERSION = YES;
				CLANG_WARN_DIRECT_OBJC_ISA_USAGE = YES_ERROR;
				CLANG_WARN_EMPTY_BODY = YES;
				CLANG_WARN_ENUM_CONVERSION = YES;
				CLANG_WARN_INT_CONVERSION = YES;
				CLANG_WARN_OBJC_ROOT_CLASS = YES_ERROR;
				CLANG_WARN_UNREACHABLE_CODE = YES;
				CLANG_WARN__DUPLICATE_METHOD_MATCH = YES;
				"CODE_SIGN_IDENTITY[sdk=iphoneos*]" = "iPhone Developer";
				COPY_PHASE_STRIP = NO;
				ENABLE_STRICT_OBJC_MSGSEND = YES;
				GCC_C_LANGUAGE_STANDARD = gnu99;
				GCC_DYNAMIC_NO_PIC = NO;
				GCC_OPTIMIZATION_LEVEL = 0;
				GCC_PREPROCESSOR_DEFINITIONS = (
					"DEBUG=1",
					"$(inherited)",
				);
				GCC_SYMBOLS_PRIVATE_EXTERN = NO;
				GCC_WARN_64_TO_32_BIT_CONVERSION = YES;
				GCC_WARN_ABOUT_RETURN_TYPE = YES_ERROR;
				GCC_WARN_UNDECLARED_SELECTOR = YES;
				GCC_WARN_UNINITIALIZED_AUTOS = YES_AGGRESSIVE;
				GCC_WARN_UNUSED_FUNCTION = YES;
				GCC_WARN_UNUSED_VARIABLE = YES;
				IPHONEOS_DEPLOYMENT_TARGET = 8.1;
				MTL_ENABLE_DEBUG_INFO = YES;
				ONLY_ACTIVE_ARCH = YES;
				SDKROOT = iphoneos;
				SWIFT_OPTIMIZATION_LEVEL = "-Onone";
			};
			name = Debug;
		};
		B3EC9C931A40AE2F00125BA8 /* Release */ = {
			isa = XCBuildConfiguration;
			buildSettings = {
				ALWAYS_SEARCH_USER_PATHS = NO;
				CLANG_CXX_LANGUAGE_STANDARD = "gnu++0x";
				CLANG_CXX_LIBRARY = "libc++";
				CLANG_ENABLE_MODULES = YES;
				CLANG_ENABLE_OBJC_ARC = YES;
				CLANG_WARN_BOOL_CONVERSION = YES;
				CLANG_WARN_CONSTANT_CONVERSION = YES;
				CLANG_WARN_DIRECT_OBJC_ISA_USAGE = YES_ERROR;
				CLANG_WARN_EMPTY_BODY = YES;
				CLANG_WARN_ENUM_CONVERSION = YES;
				CLANG_WARN_INT_CONVERSION = YES;
				CLANG_WARN_OBJC_ROOT_CLASS = YES_ERROR;
				CLANG_WARN_UNREACHABLE_CODE = YES;
				CLANG_WARN__DUPLICATE_METHOD_MATCH = YES;
				"CODE_SIGN_IDENTITY[sdk=iphoneos*]" = "iPhone Developer";
				COPY_PHASE_STRIP = YES;
				ENABLE_NS_ASSERTIONS = NO;
				ENABLE_STRICT_OBJC_MSGSEND = YES;
				GCC_C_LANGUAGE_STANDARD = gnu99;
				GCC_WARN_64_TO_32_BIT_CONVERSION = YES;
				GCC_WARN_ABOUT_RETURN_TYPE = YES_ERROR;
				GCC_WARN_UNDECLARED_SELECTOR = YES;
				GCC_WARN_UNINITIALIZED_AUTOS = YES_AGGRESSIVE;
				GCC_WARN_UNUSED_FUNCTION = YES;
				GCC_WARN_UNUSED_VARIABLE = YES;
				IPHONEOS_DEPLOYMENT_TARGET = 8.1;
				MTL_ENABLE_DEBUG_INFO = NO;
				SDKROOT = iphoneos;
				VALIDATE_PRODUCT = YES;
			};
			name = Release;
		};
		B3EC9C951A40AE2F00125BA8 /* Debug */ = {
			isa = XCBuildConfiguration;
			baseConfigurationReference = 1DCB5A154AF9D8E8171ADA20 /* Pods.debug.xcconfig */;
			buildSettings = {
				ASSETCATALOG_COMPILER_APPICON_NAME = AppIcon;
				EMBEDDED_CONTENT_CONTAINS_SWIFT = YES;
				INFOPLIST_FILE = Weatherloo/Info.plist;
				LD_RUNPATH_SEARCH_PATHS = "$(inherited) @executable_path/Frameworks";
				PRODUCT_NAME = "$(TARGET_NAME)";
				SWIFT_OBJC_BRIDGING_HEADER = "Weatherloo/Weatherloo-Bridging-Header.h";
			};
			name = Debug;
		};
		B3EC9C961A40AE2F00125BA8 /* Release */ = {
			isa = XCBuildConfiguration;
			baseConfigurationReference = DDA2488013D20E5010A8B91F /* Pods.release.xcconfig */;
			buildSettings = {
				ASSETCATALOG_COMPILER_APPICON_NAME = AppIcon;
				EMBEDDED_CONTENT_CONTAINS_SWIFT = YES;
				INFOPLIST_FILE = Weatherloo/Info.plist;
				LD_RUNPATH_SEARCH_PATHS = "$(inherited) @executable_path/Frameworks";
				PRODUCT_NAME = "$(TARGET_NAME)";
				SWIFT_OBJC_BRIDGING_HEADER = "Weatherloo/Weatherloo-Bridging-Header.h";
			};
			name = Release;
		};
		B3EC9C981A40AE2F00125BA8 /* Debug */ = {
			isa = XCBuildConfiguration;
			baseConfigurationReference = 1DCB5A154AF9D8E8171ADA20 /* Pods.debug.xcconfig */;
			buildSettings = {
				BUNDLE_LOADER = "$(TEST_HOST)";
				FRAMEWORK_SEARCH_PATHS = (
					"$(SDKROOT)/Developer/Library/Frameworks",
					"$(inherited)",
				);
				GCC_PREPROCESSOR_DEFINITIONS = (
					"DEBUG=1",
					"$(inherited)",
				);
				HEADER_SEARCH_PATHS = (
					"$(inherited)",
					/Applications/Xcode.app/Contents/Developer/Toolchains/XcodeDefault.xctoolchain/usr/include,
				);
				INFOPLIST_FILE = WeatherlooTests/Info.plist;
				LD_RUNPATH_SEARCH_PATHS = "$(inherited) @executable_path/Frameworks @loader_path/Frameworks";
				PRODUCT_NAME = "$(TARGET_NAME)";
				SWIFT_OBJC_BRIDGING_HEADER = "Weatherloo/Weatherloo-Bridging-Header.h";
				TEST_HOST = "$(BUILT_PRODUCTS_DIR)/Weatherloo.app/Weatherloo";
			};
			name = Debug;
		};
		B3EC9C991A40AE2F00125BA8 /* Release */ = {
			isa = XCBuildConfiguration;
			baseConfigurationReference = DDA2488013D20E5010A8B91F /* Pods.release.xcconfig */;
			buildSettings = {
				BUNDLE_LOADER = "$(TEST_HOST)";
				FRAMEWORK_SEARCH_PATHS = (
					"$(SDKROOT)/Developer/Library/Frameworks",
					"$(inherited)",
				);
				HEADER_SEARCH_PATHS = (
					"$(inherited)",
					/Applications/Xcode.app/Contents/Developer/Toolchains/XcodeDefault.xctoolchain/usr/include,
				);
				INFOPLIST_FILE = WeatherlooTests/Info.plist;
				LD_RUNPATH_SEARCH_PATHS = "$(inherited) @executable_path/Frameworks @loader_path/Frameworks";
				PRODUCT_NAME = "$(TARGET_NAME)";
				SWIFT_OBJC_BRIDGING_HEADER = "Weatherloo/Weatherloo-Bridging-Header.h";
				TEST_HOST = "$(BUILT_PRODUCTS_DIR)/Weatherloo.app/Weatherloo";
			};
			name = Release;
		};
/* End XCBuildConfiguration section */

/* Begin XCConfigurationList section */
		B30F4C221A463D7200E744A2 /* Build configuration list for PBXNativeTarget "Weatherloo Widget" */ = {
			isa = XCConfigurationList;
			buildConfigurations = (
				B30F4C201A463D7200E744A2 /* Debug */,
				B30F4C211A463D7200E744A2 /* Release */,
			);
			defaultConfigurationIsVisible = 0;
			defaultConfigurationName = Release;
		};
		B3EC9C701A40AE2F00125BA8 /* Build configuration list for PBXProject "Weatherloo" */ = {
			isa = XCConfigurationList;
			buildConfigurations = (
				B3EC9C921A40AE2F00125BA8 /* Debug */,
				B3EC9C931A40AE2F00125BA8 /* Release */,
			);
			defaultConfigurationIsVisible = 0;
			defaultConfigurationName = Release;
		};
		B3EC9C941A40AE2F00125BA8 /* Build configuration list for PBXNativeTarget "Weatherloo" */ = {
			isa = XCConfigurationList;
			buildConfigurations = (
				B3EC9C951A40AE2F00125BA8 /* Debug */,
				B3EC9C961A40AE2F00125BA8 /* Release */,
			);
			defaultConfigurationIsVisible = 0;
			defaultConfigurationName = Release;
		};
		B3EC9C971A40AE2F00125BA8 /* Build configuration list for PBXNativeTarget "WeatherlooTests" */ = {
			isa = XCConfigurationList;
			buildConfigurations = (
				B3EC9C981A40AE2F00125BA8 /* Debug */,
				B3EC9C991A40AE2F00125BA8 /* Release */,
			);
			defaultConfigurationIsVisible = 0;
			defaultConfigurationName = Release;
		};
/* End XCConfigurationList section */
	};
	rootObject = B3EC9C6D1A40AE2F00125BA8 /* Project object */;
}
